<?xml version="1.0" encoding="utf-8"?>
<Project ToolsVersion="4.0" xmlns="http://schemas.microsoft.com/developer/msbuild/2003">
  <ItemGroup>
    <Filter Include="Source Files">
      <UniqueIdentifier>{4FC737F1-C7A5-4376-A066-2A32D752A2FF}</UniqueIdentifier>
      <Extensions>cpp;c;cc;cxx;c++;cppm;ixx;def;odl;idl;hpj;bat;asm;asmx</Extensions>
    </Filter>
    <Filter Include="Header Files">
      <UniqueIdentifier>{93995380-89BD-4b04-88EB-625FBE52EBFB}</UniqueIdentifier>
      <Extensions>h;hh;hpp;hxx;h++;hm;inl;inc;ipp;xsd</Extensions>
    </Filter>
    <Filter Include="Resource Files">
      <UniqueIdentifier>{67DA6AB6-F800-4c08-8B7A-83BB121AAD01}</UniqueIdentifier>
      <Extensions>rc;ico;cur;bmp;dlg;rc2;rct;bin;rgs;gif;jpg;jpeg;jpe;resx;tiff;tif;png;wav;mfcribbon-ms</Extensions>
    </Filter>
  </ItemGroup>
  <ItemGroup>
    <ClInclude Include="include\co.h">
      <Filter>Header Files</Filter>
    </ClInclude>
    <ClInclude Include="include\co\win32_iocp_0_event_loop_0.hpp">
      <Filter>Header Files</Filter>
    </ClInclude>
    <ClInclude Include="include\co\win32_message_pump_event_loop.hpp">
      <Filter>Header Files</Filter>
    </ClInclude>
    <ClInclude Include="examples\async.h">
      <Filter>Header Files</Filter>
    </ClInclude>
    <ClInclude Include="include\co.hpp">
      <Filter>Header Files</Filter>
    </ClInclude>
    <ClInclude Include="include\co\strand_0_executor_0.hpp">
      <Filter>Header Files</Filter>
    </ClInclude>
    <ClInclude Include="include\co\win32_platform_thread_pool_adapter_0_event_facility_0.hpp">
      <Filter>Header Files</Filter>
    </ClInclude>
    <ClInclude Include="include\co\win32_platform_thread_pool_adapter_1_event_facility_0.hpp">
      <Filter>Header Files</Filter>
    </ClInclude>
    <ClInclude Include="include\co\win32_thread_pool_2_event_facility_0.hpp">
      <Filter>Header Files</Filter>
    </ClInclude>
    <ClInclude Include="include\co\file_0_service_0.h">
      <Filter>Header Files</Filter>
    </ClInclude>
    <ClInclude Include="include\co\file_0_service_0.hpp">
      <Filter>Header Files</Filter>
    </ClInclude>
    <ClInclude Include="include\co\socket_0_service_0.h">
      <Filter>Header Files</Filter>
    </ClInclude>
    <ClInclude Include="include\co\socket_0_service_0.hpp">
      <Filter>Header Files</Filter>
    </ClInclude>
    <ClInclude Include="include\co\timer_0_service_0.h">
      <Filter>Header Files</Filter>
    </ClInclude>
    <ClInclude Include="include\co\timer_0_service_0.hpp">
      <Filter>Header Files</Filter>
    </ClInclude>
    <ClInclude Include="include\co\win32_iocp_0_event_loop_0.h">
      <Filter>Header Files</Filter>
    </ClInclude>
    <ClInclude Include="include\co\win32_platform_thread_pool_adapter_0_event_facility_0.h">
      <Filter>Header Files</Filter>
    </ClInclude>
    <ClInclude Include="include\co\timer_0.h">
      <Filter>Header Files</Filter>
    </ClInclude>
    <ClInclude Include="include\co\timer_0.hpp">
      <Filter>Header Files</Filter>
    </ClInclude>
    <ClInclude Include="include\co\task_0.hpp">
      <Filter>Header Files</Filter>
    </ClInclude>
  </ItemGroup>
  <ItemGroup>
    <ClCompile Include="examples\async.cpp">
      <Filter>Source Files</Filter>
    </ClCompile>
    <ClCompile Include="src\co.cpp">
      <Filter>Source Files</Filter>
    </ClCompile>
    <ClCompile Include="src\win32_iocp_0_event_loop_0.cpp">
      <Filter>Source Files</Filter>
    </ClCompile>
    <ClCompile Include="src\win32_message_pump_event_loop.cpp">
      <Filter>Source Files</Filter>
    </ClCompile>
    <ClCompile Include="src\strand_0_executor_0.cpp">
      <Filter>Source Files</Filter>
    </ClCompile>
    <ClCompile Include="src\win32_platform_thread_pool_adapter_0_event_facility_0.cpp">
      <Filter>Source Files</Filter>
    </ClCompile>
    <ClCompile Include="src\win32_platform_thread_pool_adapter_1_event_facility_0.cpp">
      <Filter>Source Files</Filter>
    </ClCompile>
    <ClCompile Include="src\win32_thread_pool_2_event_facility_0.cpp">
      <Filter>Source Files</Filter>
    </ClCompile>
    <ClCompile Include="src\file_0_service_0.cpp">
      <Filter>Source Files</Filter>
    </ClCompile>
    <ClCompile Include="src\socket_0_service_0.cpp">
      <Filter>Source Files</Filter>
    </ClCompile>
    <ClCompile Include="src\timer_0_service_0.cpp">
      <Filter>Source Files</Filter>
    </ClCompile>
    <ClCompile Include="src\timer.cpp">
      <Filter>Source Files</Filter>
    </ClCompile>
  </ItemGroup>
  <ItemGroup>
    <None Include=".github\copilot-instructions.md" />
  </ItemGroup>
</Project>